
Microsoft Visual Studio Solution File, Format Version 12.00
# Visual Studio Version 17
VisualStudioVersion = 17.5.002.0
MinimumVisualStudioVersion = 10.0.40219.1
Project("{9A19103F-16F7-4668-BE54-9A1E7A4F7556}") = "minimum-deletions-to-make-string-balanced", "minimum-deletions-to-make-string-balanced.csproj", "{BCB3238D-41F9-429B-AAD1-05ACC4EAD4F1}"
EndProject
Global
	GlobalSection(SolutionConfigurationPlatforms) = preSolution
		Debug|Any CPU = Debug|Any CPU
		Release|Any CPU = Release|Any CPU
	EndGlobalSection
	GlobalSection(ProjectConfigurationPlatforms) = postSolution
		{BCB3238D-41F9-429B-AAD1-05ACC4EAD4F1}.Debug|Any CPU.ActiveCfg = Debug|Any CPU
		{BCB3238D-41F9-429B-AAD1-05ACC4EAD4F1}.Debug|Any CPU.Build.0 = Debug|Any CPU
		{BCB3238D-41F9-429B-AAD1-05ACC4EAD4F1}.Release|Any CPU.ActiveCfg = Release|Any CPU
		{BCB3238D-41F9-429B-AAD1-05ACC4EAD4F1}.Release|Any CPU.Build.0 = Release|Any CPU
	EndGlobalSection
	GlobalSection(SolutionProperties) = preSolution
		HideSolutionNode = FALSE
	EndGlobalSection
	GlobalSection(ExtensibilityGlobals) = postSolution
		SolutionGuid = {383ADC6A-4245-41EE-8A87-FB861D3E96E9}
	EndGlobalSection
EndGlobal
